
Microsoft Visual Studio Solution File, Format Version 12.00
Project("{FAE04EC0-301F-11D3-BF4B-00C04F79EFBC}") = "App", "App\App.csproj", "{B5E0D68F-A7FD-4ED5-B8D8-C91B917E146B}"
EndProject
Project("{FAE04EC0-301F-11D3-BF4B-00C04F79EFBC}") = "LacmusBasePlugin", "LacmusBasePlugin\LacmusBasePlugin.csproj", "{3584EDB6-A283-4FEB-BFC6-36B5AC14250B}"
EndProject
Project("{FAE04EC0-301F-11D3-BF4B-00C04F79EFBC}") = "FakePlugin", "FakePlugin\FakePlugin.csproj", "{52A212CB-7F4A-4B88-AEB7-513CDC9BB911}"
EndProject
Project("{FAE04EC0-301F-11D3-BF4B-00C04F79EFBC}") = "LacmusRetinanetPlugin", "LacmusRetinanetPlugin\LacmusRetinanetPlugin.csproj", "{109825F9-81F0-46B7-AD04-5721B080BC6D}"
EndProject
Project("{FAE04EC0-301F-11D3-BF4B-00C04F79EFBC}") = "LacmusRetinanetPlugin.DirectML", "LacmusRetinanetPlugin.DirectML\LacmusRetinanetPlugin.DirectML.csproj", "{60C433A1-9341-40ED-AA78-43D62BA3BEDE}"
EndProject
Global
	GlobalSection(SolutionConfigurationPlatforms) = preSolution
		Debug|Any CPU = Debug|Any CPU
		Release|Any CPU = Release|Any CPU
	EndGlobalSection
	GlobalSection(ProjectConfigurationPlatforms) = postSolution
		{B5E0D68F-A7FD-4ED5-B8D8-C91B917E146B}.Debug|Any CPU.ActiveCfg = Debug|Any CPU
		{B5E0D68F-A7FD-4ED5-B8D8-C91B917E146B}.Debug|Any CPU.Build.0 = Debug|Any CPU
		{B5E0D68F-A7FD-4ED5-B8D8-C91B917E146B}.Release|Any CPU.ActiveCfg = Release|Any CPU
		{B5E0D68F-A7FD-4ED5-B8D8-C91B917E146B}.Release|Any CPU.Build.0 = Release|Any CPU
		{3584EDB6-A283-4FEB-BFC6-36B5AC14250B}.Debug|Any CPU.ActiveCfg = Debug|Any CPU
		{3584EDB6-A283-4FEB-BFC6-36B5AC14250B}.Debug|Any CPU.Build.0 = Debug|Any CPU
		{3584EDB6-A283-4FEB-BFC6-36B5AC14250B}.Release|Any CPU.ActiveCfg = Release|Any CPU
		{3584EDB6-A283-4FEB-BFC6-36B5AC14250B}.Release|Any CPU.Build.0 = Release|Any CPU
		{52A212CB-7F4A-4B88-AEB7-513CDC9BB911}.Debug|Any CPU.ActiveCfg = Debug|Any CPU
		{52A212CB-7F4A-4B88-AEB7-513CDC9BB911}.Debug|Any CPU.Build.0 = Debug|Any CPU
		{52A212CB-7F4A-4B88-AEB7-513CDC9BB911}.Release|Any CPU.ActiveCfg = Release|Any CPU
		{52A212CB-7F4A-4B88-AEB7-513CDC9BB911}.Release|Any CPU.Build.0 = Release|Any CPU
		{109825F9-81F0-46B7-AD04-5721B080BC6D}.Debug|Any CPU.ActiveCfg = Debug|Any CPU
		{109825F9-81F0-46B7-AD04-5721B080BC6D}.Debug|Any CPU.Build.0 = Debug|Any CPU
		{109825F9-81F0-46B7-AD04-5721B080BC6D}.Release|Any CPU.ActiveCfg = Release|Any CPU
		{109825F9-81F0-46B7-AD04-5721B080BC6D}.Release|Any CPU.Build.0 = Release|Any CPU
		{60C433A1-9341-40ED-AA78-43D62BA3BEDE}.Debug|Any CPU.ActiveCfg = Debug|Any CPU
		{60C433A1-9341-40ED-AA78-43D62BA3BEDE}.Debug|Any CPU.Build.0 = Debug|Any CPU
		{60C433A1-9341-40ED-AA78-43D62BA3BEDE}.Release|Any CPU.ActiveCfg = Release|Any CPU
		{60C433A1-9341-40ED-AA78-43D62BA3BEDE}.Release|Any CPU.Build.0 = Release|Any CPU
	EndGlobalSection
EndGlobal
